// !$*UTF8*$!
{
	archiveVersion = 1;
	classes = {
	};
	objectVersion = 55;
	objects = {

/* Begin PBXBuildFile section */
		277B5A0F283B931500004ACA /* LoadingViewTestApp.swift in Sources */ = {isa = PBXBuildFile; fileRef = 277B5A0E283B931500004ACA /* LoadingViewTestApp.swift */; };
		277B5A11283B931500004ACA /* ContentView.swift in Sources */ = {isa = PBXBuildFile; fileRef = 277B5A10283B931500004ACA /* ContentView.swift */; };
		277B5A13283B931600004ACA /* Assets.xcassets in Resources */ = {isa = PBXBuildFile; fileRef = 277B5A12283B931600004ACA /* Assets.xcassets */; };
		277B5A16283B931600004ACA /* Preview Assets.xcassets in Resources */ = {isa = PBXBuildFile; fileRef = 277B5A15283B931600004ACA /* Preview Assets.xcassets */; };
		277B5A20283B931600004ACA /* LoadingViewTestTests.swift in Sources */ = {isa = PBXBuildFile; fileRef = 277B5A1F283B931600004ACA /* LoadingViewTestTests.swift */; };
		277B5A2A283B931600004ACA /* LoadingViewTestUITests.swift in Sources */ = {isa = PBXBuildFile; fileRef = 277B5A29283B931600004ACA /* LoadingViewTestUITests.swift */; };
		277B5A2C283B931600004ACA /* LoadingViewTestUITestsLaunchTests.swift in Sources */ = {isa = PBXBuildFile; fileRef = 277B5A2B283B931600004ACA /* LoadingViewTestUITestsLaunchTests.swift */; };
		277B5A39283B932900004ACA /* StatefulContentView.swift in Sources */ = {isa = PBXBuildFile; fileRef = 277B5A38283B932900004ACA /* StatefulContentView.swift */; };
/* End PBXBuildFile section */

/* Begin PBXContainerItemProxy section */
		277B5A1C283B931600004ACA /* PBXContainerItemProxy */ = {
			isa = PBXContainerItemProxy;
			containerPortal = 277B5A03283B931500004ACA /* Project object */;
			proxyType = 1;
			remoteGlobalIDString = 277B5A0A283B931500004ACA;
			remoteInfo = LoadingViewTest;
		};
		277B5A26283B931600004ACA /* PBXContainerItemProxy */ = {
			isa = PBXContainerItemProxy;
			containerPortal = 277B5A03283B931500004ACA /* Project object */;
			proxyType = 1;
			remoteGlobalIDString = 277B5A0A283B931500004ACA;
			remoteInfo = LoadingViewTest;
		};
/* End PBXContainerItemProxy section */

/* Begin PBXFileReference section */
		277B5A0B283B931500004ACA /* LoadingViewTest.app */ = {isa = PBXFileReference; explicitFileType = wrapper.application; includeInIndex = 0; path = LoadingViewTest.app; sourceTree = BUILT_PRODUCTS_DIR; };
		277B5A0E283B931500004ACA /* LoadingViewTestApp.swift */ = {isa = PBXFileReference; lastKnownFileType = sourcecode.swift; path = LoadingViewTestApp.swift; sourceTree = "<group>"; };
		277B5A10283B931500004ACA /* ContentView.swift */ = {isa = PBXFileReference; lastKnownFileType = sourcecode.swift; path = ContentView.swift; sourceTree = "<group>"; };
		277B5A12283B931600004ACA /* Assets.xcassets */ = {isa = PBXFileReference; lastKnownFileType = folder.assetcatalog; path = Assets.xcassets; sourceTree = "<group>"; };
		277B5A15283B931600004ACA /* Preview Assets.xcassets */ = {isa = PBXFileReference; lastKnownFileType = folder.assetcatalog; path = "Preview Assets.xcassets"; sourceTree = "<group>"; };
		277B5A1B283B931600004ACA /* LoadingViewTestTests.xctest */ = {isa = PBXFileReference; explicitFileType = wrapper.cfbundle; includeInIndex = 0; path = LoadingViewTestTests.xctest; sourceTree = BUILT_PRODUCTS_DIR; };
		277B5A1F283B931600004ACA /* LoadingViewTestTests.swift */ = {isa = PBXFileReference; lastKnownFileType = sourcecode.swift; path = LoadingViewTestTests.swift; sourceTree = "<group>"; };
		277B5A25283B931600004ACA /* LoadingViewTestUITests.xctest */ = {isa = PBXFileReference; explicitFileType = wrapper.cfbundle; includeInIndex = 0; path = LoadingViewTestUITests.xctest; sourceTree = BUILT_PRODUCTS_DIR; };
		277B5A29283B931600004ACA /* LoadingViewTestUITests.swift */ = {isa = PBXFileReference; lastKnownFileType = sourcecode.swift; path = LoadingViewTestUITests.swift; sourceTree = "<group>"; };
		277B5A2B283B931600004ACA /* LoadingViewTestUITestsLaunchTests.swift */ = {isa = PBXFileReference; lastKnownFileType = sourcecode.swift; path = LoadingViewTestUITestsLaunchTests.swift; sourceTree = "<group>"; };
		277B5A38283B932900004ACA /* StatefulContentView.swift */ = {isa = PBXFileReference; lastKnownFileType = sourcecode.swift; path = StatefulContentView.swift; sourceTree = "<group>"; };
/* End PBXFileReference section */

/* Begin PBXFrameworksBuildPhase section */
		277B5A08283B931500004ACA /* Frameworks */ = {
			isa = PBXFrameworksBuildPhase;
			buildActionMask = 2147483647;
			files = (
			);
			runOnlyForDeploymentPostprocessing = 0;
		};
		277B5A18283B931600004ACA /* Frameworks */ = {
			isa = PBXFrameworksBuildPhase;
			buildActionMask = 2147483647;
			files = (
			);
			runOnlyForDeploymentPostprocessing = 0;
		};
		277B5A22283B931600004ACA /* Frameworks */ = {
			isa = PBXFrameworksBuildPhase;
			buildActionMask = 2147483647;
			files = (
			);
			runOnlyForDeploymentPostprocessing = 0;
		};
/* End PBXFrameworksBuildPhase section */

/* Begin PBXGroup section */
		277B5A02283B931500004ACA = {
			isa = PBXGroup;
			children = (
				277B5A0D283B931500004ACA /* LoadingViewTest */,
				277B5A1E283B931600004ACA /* LoadingViewTestTests */,
				277B5A28283B931600004ACA /* LoadingViewTestUITests */,
				277B5A0C283B931500004ACA /* Products */,
			);
			sourceTree = "<group>";
		};
		277B5A0C283B931500004ACA /* Products */ = {
			isa = PBXGroup;
			children = (
				277B5A0B283B931500004ACA /* LoadingViewTest.app */,
				277B5A1B283B931600004ACA /* LoadingViewTestTests.xctest */,
				277B5A25283B931600004ACA /* LoadingViewTestUITests.xctest */,
			);
			name = Products;
			sourceTree = "<group>";
		};
		277B5A0D283B931500004ACA /* LoadingViewTest */ = {
			isa = PBXGroup;
			children = (
				277B5A0E283B931500004ACA /* LoadingViewTestApp.swift */,
				277B5A10283B931500004ACA /* ContentView.swift */,
				277B5A38283B932900004ACA /* StatefulContentView.swift */,
				277B5A12283B931600004ACA /* Assets.xcassets */,
				277B5A14283B931600004ACA /* Preview Content */,
			);
			path = LoadingViewTest;
			sourceTree = "<group>";
		};
		277B5A14283B931600004ACA /* Preview Content */ = {
			isa = PBXGroup;
			children = (
				277B5A15283B931600004ACA /* Preview Assets.xcassets */,
			);
			path = "Preview Content";
			sourceTree = "<group>";
		};
		277B5A1E283B931600004ACA /* LoadingViewTestTests */ = {
			isa = PBXGroup;
			children = (
				277B5A1F283B931600004ACA /* LoadingViewTestTests.swift */,
			);
			path = LoadingViewTestTests;
			sourceTree = "<group>";
		};
		277B5A28283B931600004ACA /* LoadingViewTestUITests */ = {
			isa = PBXGroup;
			children = (
				277B5A29283B931600004ACA /* LoadingViewTestUITests.swift */,
				277B5A2B283B931600004ACA /* LoadingViewTestUITestsLaunchTests.swift */,
			);
			path = LoadingViewTestUITests;
			sourceTree = "<group>";
		};
/* End PBXGroup section */

/* Begin PBXNativeTarget section */
		277B5A0A283B931500004ACA /* LoadingViewTest */ = {
			isa = PBXNativeTarget;
			buildConfigurationList = 277B5A2F283B931600004ACA /* Build configuration list for PBXNativeTarget "LoadingViewTest" */;
			buildPhases = (
				277B5A07283B931500004ACA /* Sources */,
				277B5A08283B931500004ACA /* Frameworks */,
				277B5A09283B931500004ACA /* Resources */,
			);
			buildRules = (
			);
			dependencies = (
			);
			name = LoadingViewTest;
			productName = LoadingViewTest;
			productReference = 277B5A0B283B931500004ACA /* LoadingViewTest.app */;
			productType = "com.apple.product-type.application";
		};
		277B5A1A283B931600004ACA /* LoadingViewTestTests */ = {
			isa = PBXNativeTarget;
			buildConfigurationList = 277B5A32283B931600004ACA /* Build configuration list for PBXNativeTarget "LoadingViewTestTests" */;
			buildPhases = (
				277B5A17283B931600004ACA /* Sources */,
				277B5A18283B931600004ACA /* Frameworks */,
				277B5A19283B931600004ACA /* Resources */,
			);
			buildRules = (
			);
			dependencies = (
				277B5A1D283B931600004ACA /* PBXTargetDependency */,
			);
			name = LoadingViewTestTests;
			productName = LoadingViewTestTests;
			productReference = 277B5A1B283B931600004ACA /* LoadingViewTestTests.xctest */;
			productType = "com.apple.product-type.bundle.unit-test";
		};
		277B5A24283B931600004ACA /* LoadingViewTestUITests */ = {
			isa = PBXNativeTarget;
			buildConfigurationList = 277B5A35283B931600004ACA /* Build configuration list for PBXNativeTarget "LoadingViewTestUITests" */;
			buildPhases = (
				277B5A21283B931600004ACA /* Sources */,
				277B5A22283B931600004ACA /* Frameworks */,
				277B5A23283B931600004ACA /* Resources */,
			);
			buildRules = (
			);
			dependencies = (
				277B5A27283B931600004ACA /* PBXTargetDependency */,
			);
			name = LoadingViewTestUITests;
			productName = LoadingViewTestUITests;
			productReference = 277B5A25283B931600004ACA /* LoadingViewTestUITests.xctest */;
			productType = "com.apple.product-type.bundle.ui-testing";
		};
/* End PBXNativeTarget section */

/* Begin PBXProject section */
		277B5A03283B931500004ACA /* Project object */ = {
			isa = PBXProject;
			attributes = {
				BuildIndependentTargetsInParallel = 1;
				LastSwiftUpdateCheck = 1330;
				LastUpgradeCheck = 1330;
				TargetAttributes = {
					277B5A0A283B931500004ACA = {
						CreatedOnToolsVersion = 13.3;
					};
					277B5A1A283B931600004ACA = {
						CreatedOnToolsVersion = 13.3;
						TestTargetID = 277B5A0A283B931500004ACA;
					};
					277B5A24283B931600004ACA = {
						CreatedOnToolsVersion = 13.3;
						TestTargetID = 277B5A0A283B931500004ACA;
					};
				};
			};
			buildConfigurationList = 277B5A06283B931500004ACA /* Build configuration list for PBXProject "LoadingViewTest" */;
			compatibilityVersion = "Xcode 13.0";
			developmentRegion = en;
			hasScannedForEncodings = 0;
			knownRegions = (
				en,
				Base,
			);
			mainGroup = 277B5A02283B931500004ACA;
			productRefGroup = 277B5A0C283B931500004ACA /* Products */;
			projectDirPath = "";
			projectRoot = "";
			targets = (
				277B5A0A283B931500004ACA /* LoadingViewTest */,
				277B5A1A283B931600004ACA /* LoadingViewTestTests */,
				277B5A24283B931600004ACA /* LoadingViewTestUITests */,
			);
		};
/* End PBXProject section */

/* Begin PBXResourcesBuildPhase section */
		277B5A09283B931500004ACA /* Resources */ = {
			isa = PBXResourcesBuildPhase;
			buildActionMask = 2147483647;
			files = (
				277B5A16283B931600004ACA /* Preview Assets.xcassets in Resources */,
				277B5A13283B931600004ACA /* Assets.xcassets in Resources */,
			);
			runOnlyForDeploymentPostprocessing = 0;
		};
		277B5A19283B931600004ACA /* Resources */ = {
			isa = PBXResourcesBuildPhase;
			buildActionMask = 2147483647;
			files = (
			);
			runOnlyForDeploymentPostprocessing = 0;
		};
		277B5A23283B931600004ACA /* Resources */ = {
			isa = PBXResourcesBuildPhase;
			buildActionMask = 2147483647;
			files = (
			);
			runOnlyForDeploymentPostprocessing = 0;
		};
/* End PBXResourcesBuildPhase section */

/* Begin PBXSourcesBuildPhase section */
		277B5A07283B931500004ACA /* Sources */ = {
			isa = PBXSourcesBuildPhase;
			buildActionMask = 2147483647;
			files = (
				277B5A39283B932900004ACA /* StatefulContentView.swift in Sources */,
				277B5A11283B931500004ACA /* ContentView.swift in Sources */,
				277B5A0F283B931500004ACA /* LoadingViewTestApp.swift in Sources */,
			);
			runOnlyForDeploymentPostprocessing = 0;
		};
		277B5A17283B931600004ACA /* Sources */ = {
			isa = PBXSourcesBuildPhase;
			buildActionMask = 2147483647;
			files = (
				277B5A20283B931600004ACA /* LoadingViewTestTests.swift in Sources */,
			);
			runOnlyForDeploymentPostprocessing = 0;
		};
		277B5A21283B931600004ACA /* Sources */ = {
			isa = PBXSourcesBuildPhase;
			buildActionMask = 2147483647;
			files = (
				277B5A2C283B931600004ACA /* LoadingViewTestUITestsLaunchTests.swift in Sources */,
				277B5A2A283B931600004ACA /* LoadingViewTestUITests.swift in Sources */,
			);
			runOnlyForDeploymentPostprocessing = 0;
		};
/* End PBXSourcesBuildPhase section */

/* Begin PBXTargetDependency section */
		277B5A1D283B931600004ACA /* PBXTargetDependency */ = {
			isa = PBXTargetDependency;
			target = 277B5A0A283B931500004ACA /* LoadingViewTest */;
			targetProxy = 277B5A1C283B931600004ACA /* PBXContainerItemProxy */;
		};
		277B5A27283B931600004ACA /* PBXTargetDependency */ = {
			isa = PBXTargetDependency;
			target = 277B5A0A283B931500004ACA /* LoadingViewTest */;
			targetProxy = 277B5A26283B931600004ACA /* PBXContainerItemProxy */;
		};
/* End PBXTargetDependency section */

/* Begin XCBuildConfiguration section */
		277B5A2D283B931600004ACA /* Debug */ = {
			isa = XCBuildConfiguration;
			buildSettings = {
				ALWAYS_SEARCH_USER_PATHS = NO;
				CLANG_ANALYZER_NONNULL = YES;
				CLANG_ANALYZER_NUMBER_OBJECT_CONVERSION = YES_AGGRESSIVE;
				CLANG_CXX_LANGUAGE_STANDARD = "gnu++17";
				CLANG_ENABLE_MODULES = YES;
				CLANG_ENABLE_OBJC_ARC = YES;
				CLANG_ENABLE_OBJC_WEAK = YES;
				CLANG_WARN_BLOCK_CAPTURE_AUTORELEASING = YES;
				CLANG_WARN_BOOL_CONVERSION = YES;
				CLANG_WARN_COMMA = YES;
				CLANG_WARN_CONSTANT_CONVERSION = YES;
				CLANG_WARN_DEPRECATED_OBJC_IMPLEMENTATIONS = YES;
				CLANG_WARN_DIRECT_OBJC_ISA_USAGE = YES_ERROR;
				CLANG_WARN_DOCUMENTATION_COMMENTS = YES;
				CLANG_WARN_EMPTY_BODY = YES;
				CLANG_WARN_ENUM_CONVERSION = YES;
				CLANG_WARN_INFINITE_RECURSION = YES;
				CLANG_WARN_INT_CONVERSION = YES;
				CLANG_WARN_NON_LITERAL_NULL_CONVERSION = YES;
				CLANG_WARN_OBJC_IMPLICIT_RETAIN_SELF = YES;
				CLANG_WARN_OBJC_LITERAL_CONVERSION = YES;
				CLANG_WARN_OBJC_ROOT_CLASS = YES_ERROR;
				CLANG_WARN_QUOTED_INCLUDE_IN_FRAMEWORK_HEADER = YES;
				CLANG_WARN_RANGE_LOOP_ANALYSIS = YES;
				CLANG_WARN_STRICT_PROTOTYPES = YES;
				CLANG_WARN_SUSPICIOUS_MOVE = YES;
				CLANG_WARN_UNGUARDED_AVAILABILITY = YES_AGGRESSIVE;
				CLANG_WARN_UNREACHABLE_CODE = YES;
				CLANG_WARN__DUPLICATE_METHOD_MATCH = YES;
				COPY_PHASE_STRIP = NO;
				DEBUG_INFORMATION_FORMAT = dwarf;
				ENABLE_STRICT_OBJC_MSGSEND = YES;
				ENABLE_TESTABILITY = YES;
				GCC_C_LANGUAGE_STANDARD = gnu11;
				GCC_DYNAMIC_NO_PIC = NO;
				GCC_NO_COMMON_BLOCKS = YES;
				GCC_OPTIMIZATION_LEVEL = 0;
				GCC_PREPROCESSOR_DEFINITIONS = (
					"DEBUG=1",
					"$(inherited)",
				);
				GCC_WARN_64_TO_32_BIT_CONVERSION = YES;
				GCC_WARN_ABOUT_RETURN_TYPE = YES_ERROR;
				GCC_WARN_UNDECLARED_SELECTOR = YES;
				GCC_WARN_UNINITIALIZED_AUTOS = YES_AGGRESSIVE;
				GCC_WARN_UNUSED_FUNCTION = YES;
				GCC_WARN_UNUSED_VARIABLE = YES;
				IPHONEOS_DEPLOYMENT_TARGET = 15.4;
				MTL_ENABLE_DEBUG_INFO = INCLUDE_SOURCE;
				MTL_FAST_MATH = YES;
				ONLY_ACTIVE_ARCH = YES;
				SDKROOT = iphoneos;
				SWIFT_ACTIVE_COMPILATION_CONDITIONS = DEBUG;
				SWIFT_OPTIMIZATION_LEVEL = "-Onone";
			};
			name = Debug;
		};
		277B5A2E283B931600004ACA /* Release */ = {
			isa = XCBuildConfiguration;
			buildSettings = {
				ALWAYS_SEARCH_USER_PATHS = NO;
				CLANG_ANALYZER_NONNULL = YES;
				CLANG_ANALYZER_NUMBER_OBJECT_CONVERSION = YES_AGGRESSIVE;
				CLANG_CXX_LANGUAGE_STANDARD = "gnu++17";
				CLANG_ENABLE_MODULES = YES;
				CLANG_ENABLE_OBJC_ARC = YES;
				CLANG_ENABLE_OBJC_WEAK = YES;
				CLANG_WARN_BLOCK_CAPTURE_AUTORELEASING = YES;
				CLANG_WARN_BOOL_CONVERSION = YES;
				CLANG_WARN_COMMA = YES;
				CLANG_WARN_CONSTANT_CONVERSION = YES;
				CLANG_WARN_DEPRECATED_OBJC_IMPLEMENTATIONS = YES;
				CLANG_WARN_DIRECT_OBJC_ISA_USAGE = YES_ERROR;
				CLANG_WARN_DOCUMENTATION_COMMENTS = YES;
				CLANG_WARN_EMPTY_BODY = YES;
				CLANG_WARN_ENUM_CONVERSION = YES;
				CLANG_WARN_INFINITE_RECURSION = YES;
				CLANG_WARN_INT_CONVERSION = YES;
				CLANG_WARN_NON_LITERAL_NULL_CONVERSION = YES;
				CLANG_WARN_OBJC_IMPLICIT_RETAIN_SELF = YES;
				CLANG_WARN_OBJC_LITERAL_CONVERSION = YES;
				CLANG_WARN_OBJC_ROOT_CLASS = YES_ERROR;
				CLANG_WARN_QUOTED_INCLUDE_IN_FRAMEWORK_HEADER = YES;
				CLANG_WARN_RANGE_LOOP_ANALYSIS = YES;
				CLANG_WARN_STRICT_PROTOTYPES = YES;
				CLANG_WARN_SUSPICIOUS_MOVE = YES;
				CLANG_WARN_UNGUARDED_AVAILABILITY = YES_AGGRESSIVE;
				CLANG_WARN_UNREACHABLE_CODE = YES;
				CLANG_WARN__DUPLICATE_METHOD_MATCH = YES;
				COPY_PHASE_STRIP = NO;
				DEBUG_INFORMATION_FORMAT = "dwarf-with-dsym";
				ENABLE_NS_ASSERTIONS = NO;
				ENABLE_STRICT_OBJC_MSGSEND = YES;
				GCC_C_LANGUAGE_STANDARD = gnu11;
				GCC_NO_COMMON_BLOCKS = YES;
				GCC_WARN_64_TO_32_BIT_CONVERSION = YES;
				GCC_WARN_ABOUT_RETURN_TYPE = YES_ERROR;
				GCC_WARN_UNDECLARED_SELECTOR = YES;
				GCC_WARN_UNINITIALIZED_AUTOS = YES_AGGRESSIVE;
				GCC_WARN_UNUSED_FUNCTION = YES;
				GCC_WARN_UNUSED_VARIABLE = YES;
				IPHONEOS_DEPLOYMENT_TARGET = 15.4;
				MTL_ENABLE_DEBUG_INFO = NO;
				MTL_FAST_MATH = YES;
				SDKROOT = iphoneos;
				SWIFT_COMPILATION_MODE = wholemodule;
				SWIFT_OPTIMIZATION_LEVEL = "-O";
				VALIDATE_PRODUCT = YES;
			};
			name = Release;
		};
		277B5A30283B931600004ACA /* Debug */ = {
			isa = XCBuildConfiguration;
			buildSettings = {
				ASSETCATALOG_COMPILER_APPICON_NAME = AppIcon;
				ASSETCATALOG_COMPILER_GLOBAL_ACCENT_COLOR_NAME = AccentColor;
				CODE_SIGN_STYLE = Automatic;
				CURRENT_PROJECT_VERSION = 1;
				DEVELOPMENT_ASSET_PATHS = "\"LoadingViewTest/Preview Content\"";
				ENABLE_PREVIEWS = YES;
				GENERATE_INFOPLIST_FILE = YES;
				INFOPLIST_KEY_UIApplicationSceneManifest_Generation = YES;
				INFOPLIST_KEY_UIApplicationSupportsIndirectInputEvents = YES;
				INFOPLIST_KEY_UILaunchScreen_Generation = YES;
				INFOPLIST_KEY_UISupportedInterfaceOrientations_iPad = "UIInterfaceOrientationPortrait UIInterfaceOrientationPortraitUpsideDown UIInterfaceOrientationLandscapeLeft UIInterfaceOrientationLandscapeRight";
				INFOPLIST_KEY_UISupportedInterfaceOrientations_iPhone = "UIInterfaceOrientationPortrait UIInterfaceOrientationLandscapeLeft UIInterfaceOrientationLandscapeRight";
				LD_RUNPATH_SEARCH_PATHS = (
					"$(inherited)",
					"@executable_path/Frameworks",
				);
				MARKETING_VERSION = 1.0;
				PRODUCT_BUNDLE_IDENTIFIER = com.wtp.leisure.dev.LoadingViewTest;
				PRODUCT_NAME = "$(TARGET_NAME)";
				SWIFT_EMIT_LOC_STRINGS = YES;
				SWIFT_VERSION = 5.0;
				TARGETED_DEVICE_FAMILY = "1,2";
			};
			name = Debug;
		};
		277B5A31283B931600004ACA /* Release */ = {
			isa = XCBuildConfiguration;
			buildSettings = {
				ASSETCATALOG_COMPILER_APPICON_NAME = AppIcon;
				ASSETCATALOG_COMPILER_GLOBAL_ACCENT_COLOR_NAME = AccentColor;
				CODE_SIGN_STYLE = Automatic;
				CURRENT_PROJECT_VERSION = 1;
				DEVELOPMENT_ASSET_PATHS = "\"LoadingViewTest/Preview Content\"";
				ENABLE_PREVIEWS = YES;
				GENERATE_INFOPLIST_FILE = YES;
				INFOPLIST_KEY_UIApplicationSceneManifest_Generation = YES;
				INFOPLIST_KEY_UIApplicationSupportsIndirectInputEvents = YES;
				INFOPLIST_KEY_UILaunchScreen_Generation = YES;
				INFOPLIST_KEY_UISupportedInterfaceOrientations_iPad = "UIInterfaceOrientationPortrait UIInterfaceOrientationPortraitUpsideDown UIInterfaceOrientationLandscapeLeft UIInterfaceOrientationLandscapeRight";
				INFOPLIST_KEY_UISupportedInterfaceOrientations_iPhone = "UIInterfaceOrientationPortrait UIInterfaceOrientationLandscapeLeft UIInterfaceOrientationLandscapeRight";
				LD_RUNPATH_SEARCH_PATHS = (
					"$(inherited)",
					"@executable_path/Frameworks",
				);
				MARKETING_VERSION = 1.0;
				PRODUCT_BUNDLE_IDENTIFIER = com.wtp.leisure.dev.LoadingViewTest;
				PRODUCT_NAME = "$(TARGET_NAME)";
				SWIFT_EMIT_LOC_STRINGS = YES;
				SWIFT_VERSION = 5.0;
				TARGETED_DEVICE_FAMILY = "1,2";
			};
			name = Release;
		};
		277B5A33283B931600004ACA /* Debug */ = {
			isa = XCBuildConfiguration;
			buildSettings = {
				ALWAYS_EMBED_SWIFT_STANDARD_LIBRARIES = YES;
				BUNDLE_LOADER = "$(TEST_HOST)";
				CODE_SIGN_STYLE = Automatic;
				CURRENT_PROJECT_VERSION = 1;
				GENERATE_INFOPLIST_FILE = YES;
				IPHONEOS_DEPLOYMENT_TARGET = 15.4;
				MARKETING_VERSION = 1.0;
				PRODUCT_BUNDLE_IDENTIFIER = com.wtp.leisure.dev.LoadingViewTestTests;
				PRODUCT_NAME = "$(TARGET_NAME)";
				SWIFT_EMIT_LOC_STRINGS = NO;
				SWIFT_VERSION = 5.0;
				TARGETED_DEVICE_FAMILY = "1,2";
				TEST_HOST = "$(BUILT_PRODUCTS_DIR)/LoadingViewTest.app/LoadingViewTest";
			};
			name = Debug;
		};
		277B5A34283B931600004ACA /* Release */ = {
			isa = XCBuildConfiguration;
			buildSettings = {
				ALWAYS_EMBED_SWIFT_STANDARD_LIBRARIES = YES;
				BUNDLE_LOADER = "$(TEST_HOST)";
				CODE_SIGN_STYLE = Automatic;
				CURRENT_PROJECT_VERSION = 1;
				GENERATE_INFOPLIST_FILE = YES;
				IPHONEOS_DEPLOYMENT_TARGET = 15.4;
				MARKETING_VERSION = 1.0;
				PRODUCT_BUNDLE_IDENTIFIER = com.wtp.leisure.dev.LoadingViewTestTests;
				PRODUCT_NAME = "$(TARGET_NAME)";
				SWIFT_EMIT_LOC_STRINGS = NO;
				SWIFT_VERSION = 5.0;
				TARGETED_DEVICE_FAMILY = "1,2";
				TEST_HOST = "$(BUILT_PRODUCTS_DIR)/LoadingViewTest.app/LoadingViewTest";
			};
			name = Release;
		};
		277B5A36283B931600004ACA /* Debug */ = {
			isa = XCBuildConfiguration;
			buildSettings = {
				ALWAYS_EMBED_SWIFT_STANDARD_LIBRARIES = YES;
				CODE_SIGN_STYLE = Automatic;
				CURRENT_PROJECT_VERSION = 1;
				GENERATE_INFOPLIST_FILE = YES;
				MARKETING_VERSION = 1.0;
				PRODUCT_BUNDLE_IDENTIFIER = com.wtp.leisure.dev.LoadingViewTestUITests;
				PRODUCT_NAME = "$(TARGET_NAME)";
				SWIFT_EMIT_LOC_STRINGS = NO;
				SWIFT_VERSION = 5.0;
				TARGETED_DEVICE_FAMILY = "1,2";
				TEST_TARGET_NAME = LoadingViewTest;
			};
			name = Debug;
		};
		277B5A37283B931600004ACA /* Release */ = {
			isa = XCBuildConfiguration;
			buildSettings = {
				ALWAYS_EMBED_SWIFT_STANDARD_LIBRARIES = YES;
				CODE_SIGN_STYLE = Automatic;
				CURRENT_PROJECT_VERSION = 1;
				GENERATE_INFOPLIST_FILE = YES;
				MARKETING_VERSION = 1.0;
				PRODUCT_BUNDLE_IDENTIFIER = com.wtp.leisure.dev.LoadingViewTestUITests;
				PRODUCT_NAME = "$(TARGET_NAME)";
				SWIFT_EMIT_LOC_STRINGS = NO;
				SWIFT_VERSION = 5.0;
				TARGETED_DEVICE_FAMILY = "1,2";
				TEST_TARGET_NAME = LoadingViewTest;
			};
			name = Release;
		};
/* End XCBuildConfiguration section */

/* Begin XCConfigurationList section */
		277B5A06283B931500004ACA /* Build configuration list for PBXProject "LoadingViewTest" */ = {
			isa = XCConfigurationList;
			buildConfigurations = (
				277B5A2D283B931600004ACA /* Debug */,
				277B5A2E283B931600004ACA /* Release */,
			);
			defaultConfigurationIsVisible = 0;
			defaultConfigurationName = Release;
		};
		277B5A2F283B931600004ACA /* Build configuration list for PBXNativeTarget "LoadingViewTest" */ = {
			isa = XCConfigurationList;
			buildConfigurations = (
				277B5A30283B931600004ACA /* Debug */,
				277B5A31283B931600004ACA /* Release */,
			);
			defaultConfigurationIsVisible = 0;
			defaultConfigurationName = Release;
		};
		277B5A32283B931600004ACA /* Build configuration list for PBXNativeTarget "LoadingViewTestTests" */ = {
			isa = XCConfigurationList;
			buildConfigurations = (
				277B5A33283B931600004ACA /* Debug */,
				277B5A34283B931600004ACA /* Release */,
			);
			defaultConfigurationIsVisible = 0;
			defaultConfigurationName = Release;
		};
		277B5A35283B931600004ACA /* Build configuration list for PBXNativeTarget "LoadingViewTestUITests" */ = {
			isa = XCConfigurationList;
			buildConfigurations = (
				277B5A36283B931600004ACA /* Debug */,
				277B5A37283B931600004ACA /* Release */,
			);
			defaultConfigurationIsVisible = 0;
			defaultConfigurationName = Release;
		};
/* End XCConfigurationList section */
	};
	rootObject = 277B5A03283B931500004ACA /* Project object */;
}
